// !$*UTF8*$!
{
	archiveVersion = 1;
	classes = {
	};
	objectVersion = 50;
	objects = {

/* Begin PBXBuildFile section */
		31D9284B250BA0C2005FB346 /* AppDelegate.swift in Sources */ = {isa = PBXBuildFile; fileRef = 31D9284A250BA0C2005FB346 /* AppDelegate.swift */; };
		31D9284D250BA0C2005FB346 /* SceneDelegate.swift in Sources */ = {isa = PBXBuildFile; fileRef = 31D9284C250BA0C2005FB346 /* SceneDelegate.swift */; };
		31D9284F250BA0C2005FB346 /* ViewController.swift in Sources */ = {isa = PBXBuildFile; fileRef = 31D9284E250BA0C2005FB346 /* ViewController.swift */; };
		31D92852250BA0C2005FB346 /* Main.storyboard in Resources */ = {isa = PBXBuildFile; fileRef = 31D92850250BA0C2005FB346 /* Main.storyboard */; };
		31D92854250BA0C3005FB346 /* Assets.xcassets in Resources */ = {isa = PBXBuildFile; fileRef = 31D92853250BA0C3005FB346 /* Assets.xcassets */; };
		31D92857250BA0C3005FB346 /* LaunchScreen.storyboard in Resources */ = {isa = PBXBuildFile; fileRef = 31D92855250BA0C3005FB346 /* LaunchScreen.storyboard */; };
		31D92862250C4181005FB346 /* clip.mp4 in Resources */ = {isa = PBXBuildFile; fileRef = 31D92861250C417F005FB346 /* clip.mp4 */; };
/* End PBXBuildFile section */

/* Begin PBXFileReference section */
		31D92847250BA0C2005FB346 /* PlayerSample.app */ = {isa = PBXFileReference; explicitFileType = wrapper.application; includeInIndex = 0; path = PlayerSample.app; sourceTree = BUILT_PRODUCTS_DIR; };
		31D9284A250BA0C2005FB346 /* AppDelegate.swift */ = {isa = PBXFileReference; lastKnownFileType = sourcecode.swift; path = AppDelegate.swift; sourceTree = "<group>"; };
		31D9284C250BA0C2005FB346 /* SceneDelegate.swift */ = {isa = PBXFileReference; lastKnownFileType = sourcecode.swift; path = SceneDelegate.swift; sourceTree = "<group>"; };
		31D9284E250BA0C2005FB346 /* ViewController.swift */ = {isa = PBXFileReference; lastKnownFileType = sourcecode.swift; path = ViewController.swift; sourceTree = "<group>"; };
		31D92851250BA0C2005FB346 /* Base */ = {isa = PBXFileReference; lastKnownFileType = file.storyboard; name = Base; path = Base.lproj/Main.storyboard; sourceTree = "<group>"; };
		31D92853250BA0C3005FB346 /* Assets.xcassets */ = {isa = PBXFileReference; lastKnownFileType = folder.assetcatalog; path = Assets.xcassets; sourceTree = "<group>"; };
		31D92856250BA0C3005FB346 /* Base */ = {isa = PBXFileReference; lastKnownFileType = file.storyboard; name = Base; path = Base.lproj/LaunchScreen.storyboard; sourceTree = "<group>"; };
		31D92858250BA0C3005FB346 /* Info.plist */ = {isa = PBXFileReference; lastKnownFileType = text.plist.xml; path = Info.plist; sourceTree = "<group>"; };
		31D92861250C417F005FB346 /* clip.mp4 */ = {isa = PBXFileReference; lastKnownFileType = file; path = clip.mp4; sourceTree = "<group>"; };
/* End PBXFileReference section */

/* Begin PBXFrameworksBuildPhase section */
		31D92844250BA0C2005FB346 /* Frameworks */ = {
			isa = PBXFrameworksBuildPhase;
			buildActionMask = 2147483647;
			files = (
			);
			runOnlyForDeploymentPostprocessing = 0;
		};
/* End PBXFrameworksBuildPhase section */

/* Begin PBXGroup section */
		31D9283E250BA0C2005FB346 = {
			isa = PBXGroup;
			children = (
				31D92849250BA0C2005FB346 /* PlayerSample */,
				31D92848250BA0C2005FB346 /* Products */,
			);
			sourceTree = "<group>";
		};
		31D92848250BA0C2005FB346 /* Products */ = {
			isa = PBXGroup;
			children = (
				31D92847250BA0C2005FB346 /* PlayerSample.app */,
			);
			name = Products;
			sourceTree = "<group>";
		};
		31D92849250BA0C2005FB346 /* PlayerSample */ = {
			isa = PBXGroup;
			children = (
				31D9284A250BA0C2005FB346 /* AppDelegate.swift */,
				31D9284C250BA0C2005FB346 /* SceneDelegate.swift */,
				31D9284E250BA0C2005FB346 /* ViewController.swift */,
				31D92861250C417F005FB346 /* clip.mp4 */,
				31D92850250BA0C2005FB346 /* Main.storyboard */,
				31D92853250BA0C3005FB346 /* Assets.xcassets */,
				31D92855250BA0C3005FB346 /* LaunchScreen.storyboard */,
				31D92858250BA0C3005FB346 /* Info.plist */,
			);
			path = PlayerSample;
			sourceTree = "<group>";
		};
/* End PBXGroup section */

/* Begin PBXNativeTarget section */
		31D92846250BA0C2005FB346 /* PlayerSample */ = {
			isa = PBXNativeTarget;
			buildConfigurationList = 31D9285B250BA0C3005FB346 /* Build configuration list for PBXNativeTarget "PlayerSample" */;
			buildPhases = (
				31D92843250BA0C2005FB346 /* Sources */,
				31D92844250BA0C2005FB346 /* Frameworks */,
				31D92845250BA0C2005FB346 /* Resources */,
			);
			buildRules = (
			);
			dependencies = (
			);
			name = PlayerSample;
			productName = PlayerSample;
			productReference = 31D92847250BA0C2005FB346 /* PlayerSample.app */;
			productType = "com.apple.product-type.application";
		};
/* End PBXNativeTarget section */

/* Begin PBXProject section */
		31D9283F250BA0C2005FB346 /* Project object */ = {
			isa = PBXProject;
			attributes = {
				LastSwiftUpdateCheck = 1170;
				LastUpgradeCheck = 1170;
				ORGANIZATIONNAME = "石川太洋";
				TargetAttributes = {
					31D92846250BA0C2005FB346 = {
						CreatedOnToolsVersion = 11.7;
					};
				};
			};
			buildConfigurationList = 31D92842250BA0C2005FB346 /* Build configuration list for PBXProject "PlayerSample" */;
			compatibilityVersion = "Xcode 9.3";
			developmentRegion = en;
			hasScannedForEncodings = 0;
			knownRegions = (
				en,
				Base,
			);
			mainGroup = 31D9283E250BA0C2005FB346;
			productRefGroup = 31D92848250BA0C2005FB346 /* Products */;
			projectDirPath = "";
			projectRoot = "";
			targets = (
				31D92846250BA0C2005FB346 /* PlayerSample */,
			);
		};
/* End PBXProject section */

/* Begin PBXResourcesBuildPhase section */
		31D92845250BA0C2005FB346 /* Resources */ = {
			isa = PBXResourcesBuildPhase;
			buildActionMask = 2147483647;
			files = (
				31D92857250BA0C3005FB346 /* LaunchScreen.storyboard in Resources */,
				31D92854250BA0C3005FB346 /* Assets.xcassets in Resources */,
				31D92852250BA0C2005FB346 /* Main.storyboard in Resources */,
				31D92862250C4181005FB346 /* clip.mp4 in Resources */,
			);
			runOnlyForDeploymentPostprocessing = 0;
		};
/* End PBXResourcesBuildPhase section */

/* Begin PBXSourcesBuildPhase section */
		31D92843250BA0C2005FB346 /* Sources */ = {
			isa = PBXSourcesBuildPhase;
			buildActionMask = 2147483647;
			files = (
				31D9284F250BA0C2005FB346 /* ViewController.swift in Sources */,
				31D9284B250BA0C2005FB346 /* AppDelegate.swift in Sources */,
				31D9284D250BA0C2005FB346 /* SceneDelegate.swift in Sources */,
			);
			runOnlyForDeploymentPostprocessing = 0;
		};
/* End PBXSourcesBuildPhase section */

/* Begin PBXVariantGroup section */
		31D92850250BA0C2005FB346 /* Main.storyboard */ = {
			isa = PBXVariantGroup;
			children = (
				31D92851250BA0C2005FB346 /* Base */,
			);
			name = Main.storyboard;
			sourceTree = "<group>";
		};
		31D92855250BA0C3005FB346 /* LaunchScreen.storyboard */ = {
			isa = PBXVariantGroup;
			children = (
				31D92856250BA0C3005FB346 /* Base */,
			);
			name = LaunchScreen.storyboard;
			sourceTree = "<group>";
		};
/* End PBXVariantGroup section */

/* Begin XCBuildConfiguration section */
		31D92859250BA0C3005FB346 /* Debug */ = {
			isa = XCBuildConfiguration;
			buildSettings = {
				ALWAYS_SEARCH_USER_PATHS = NO;
				CLANG_ANALYZER_NONNULL = YES;
				CLANG_ANALYZER_NUMBER_OBJECT_CONVERSION = YES_AGGRESSIVE;
				CLANG_CXX_LANGUAGE_STANDARD = "gnu++14";
				CLANG_CXX_LIBRARY = "libc++";
				CLANG_ENABLE_MODULES = YES;
				CLANG_ENABLE_OBJC_ARC = YES;
				CLANG_ENABLE_OBJC_WEAK = YES;
				CLANG_WARN_BLOCK_CAPTURE_AUTORELEASING = YES;
				CLANG_WARN_BOOL_CONVERSION = YES;
				CLANG_WARN_COMMA = YES;
				CLANG_WARN_CONSTANT_CONVERSION = YES;
				CLANG_WARN_DEPRECATED_OBJC_IMPLEMENTATIONS = YES;
				CLANG_WARN_DIRECT_OBJC_ISA_USAGE = YES_ERROR;
				CLANG_WARN_DOCUMENTATION_COMMENTS = YES;
				CLANG_WARN_EMPTY_BODY = YES;
				CLANG_WARN_ENUM_CONVERSION = YES;
				CLANG_WARN_INFINITE_RECURSION = YES;
				CLANG_WARN_INT_CONVERSION = YES;
				CLANG_WARN_NON_LITERAL_NULL_CONVERSION = YES;
				CLANG_WARN_OBJC_IMPLICIT_RETAIN_SELF = YES;
				CLANG_WARN_OBJC_LITERAL_CONVERSION = YES;
				CLANG_WARN_OBJC_ROOT_CLASS = YES_ERROR;
				CLANG_WARN_RANGE_LOOP_ANALYSIS = YES;
				CLANG_WARN_STRICT_PROTOTYPES = YES;
				CLANG_WARN_SUSPICIOUS_MOVE = YES;
				CLANG_WARN_UNGUARDED_AVAILABILITY = YES_AGGRESSIVE;
				CLANG_WARN_UNREACHABLE_CODE = YES;
				CLANG_WARN__DUPLICATE_METHOD_MATCH = YES;
				COPY_PHASE_STRIP = NO;
				DEBUG_INFORMATION_FORMAT = dwarf;
				ENABLE_STRICT_OBJC_MSGSEND = YES;
				ENABLE_TESTABILITY = YES;
				GCC_C_LANGUAGE_STANDARD = gnu11;
				GCC_DYNAMIC_NO_PIC = NO;
				GCC_NO_COMMON_BLOCKS = YES;
				GCC_OPTIMIZATION_LEVEL = 0;
				GCC_PREPROCESSOR_DEFINITIONS = (
					"DEBUG=1",
					"$(inherited)",
				);
				GCC_WARN_64_TO_32_BIT_CONVERSION = YES;
				GCC_WARN_ABOUT_RETURN_TYPE = YES_ERROR;
				GCC_WARN_UNDECLARED_SELECTOR = YES;
				GCC_WARN_UNINITIALIZED_AUTOS = YES_AGGRESSIVE;
				GCC_WARN_UNUSED_FUNCTION = YES;
				GCC_WARN_UNUSED_VARIABLE = YES;
				IPHONEOS_DEPLOYMENT_TARGET = 13.7;
				MTL_ENABLE_DEBUG_INFO = INCLUDE_SOURCE;
				MTL_FAST_MATH = YES;
				ONLY_ACTIVE_ARCH = YES;
				SDKROOT = iphoneos;
				SWIFT_ACTIVE_COMPILATION_CONDITIONS = DEBUG;
				SWIFT_OPTIMIZATION_LEVEL = "-Onone";
			};
			name = Debug;
		};
		31D9285A250BA0C3005FB346 /* Release */ = {
			isa = XCBuildConfiguration;
			buildSettings = {
				ALWAYS_SEARCH_USER_PATHS = NO;
				CLANG_ANALYZER_NONNULL = YES;
				CLANG_ANALYZER_NUMBER_OBJECT_CONVERSION = YES_AGGRESSIVE;
				CLANG_CXX_LANGUAGE_STANDARD = "gnu++14";
				CLANG_CXX_LIBRARY = "libc++";
				CLANG_ENABLE_MODULES = YES;
				CLANG_ENABLE_OBJC_ARC = YES;
				CLANG_ENABLE_OBJC_WEAK = YES;
				CLANG_WARN_BLOCK_CAPTURE_AUTORELEASING = YES;
				CLANG_WARN_BOOL_CONVERSION = YES;
				CLANG_WARN_COMMA = YES;
				CLANG_WARN_CONSTANT_CONVERSION = YES;
				CLANG_WARN_DEPRECATED_OBJC_IMPLEMENTATIONS = YES;
				CLANG_WARN_DIRECT_OBJC_ISA_USAGE = YES_ERROR;
				CLANG_WARN_DOCUMENTATION_COMMENTS = YES;
				CLANG_WARN_EMPTY_BODY = YES;
				CLANG_WARN_ENUM_CONVERSION = YES;
				CLANG_WARN_INFINITE_RECURSION = YES;
				CLANG_WARN_INT_CONVERSION = YES;
				CLANG_WARN_NON_LITERAL_NULL_CONVERSION = YES;
				CLANG_WARN_OBJC_IMPLICIT_RETAIN_SELF = YES;
				CLANG_WARN_OBJC_LITERAL_CONVERSION = YES;
				CLANG_WARN_OBJC_ROOT_CLASS = YES_ERROR;
				CLANG_WARN_RANGE_LOOP_ANALYSIS = YES;
				CLANG_WARN_STRICT_PROTOTYPES = YES;
				CLANG_WARN_SUSPICIOUS_MOVE = YES;
				CLANG_WARN_UNGUARDED_AVAILABILITY = YES_AGGRESSIVE;
				CLANG_WARN_UNREACHABLE_CODE = YES;
				CLANG_WARN__DUPLICATE_METHOD_MATCH = YES;
				COPY_PHASE_STRIP = NO;
				DEBUG_INFORMATION_FORMAT = "dwarf-with-dsym";
				ENABLE_NS_ASSERTIONS = NO;
				ENABLE_STRICT_OBJC_MSGSEND = YES;
				GCC_C_LANGUAGE_STANDARD = gnu11;
				GCC_NO_COMMON_BLOCKS = YES;
				GCC_WARN_64_TO_32_BIT_CONVERSION = YES;
				GCC_WARN_ABOUT_RETURN_TYPE = YES_ERROR;
				GCC_WARN_UNDECLARED_SELECTOR = YES;
				GCC_WARN_UNINITIALIZED_AUTOS = YES_AGGRESSIVE;
				GCC_WARN_UNUSED_FUNCTION = YES;
				GCC_WARN_UNUSED_VARIABLE = YES;
				IPHONEOS_DEPLOYMENT_TARGET = 13.7;
				MTL_ENABLE_DEBUG_INFO = NO;
				MTL_FAST_MATH = YES;
				SDKROOT = iphoneos;
				SWIFT_COMPILATION_MODE = wholemodule;
				SWIFT_OPTIMIZATION_LEVEL = "-O";
				VALIDATE_PRODUCT = YES;
			};
			name = Release;
		};
		31D9285C250BA0C3005FB346 /* Debug */ = {
			isa = XCBuildConfiguration;
			buildSettings = {
				ASSETCATALOG_COMPILER_APPICON_NAME = AppIcon;
				CODE_SIGN_STYLE = Automatic;
				INFOPLIST_FILE = PlayerSample/Info.plist;
				LD_RUNPATH_SEARCH_PATHS = (
					"$(inherited)",
					"@executable_path/Frameworks",
				);
				PRODUCT_BUNDLE_IDENTIFIER = taiyoishikawa.PlayerSample;
				PRODUCT_NAME = "$(TARGET_NAME)";
				SWIFT_VERSION = 5.0;
				TARGETED_DEVICE_FAMILY = "1,2";
			};
			name = Debug;
		};
		31D9285D250BA0C3005FB346 /* Release */ = {
			isa = XCBuildConfiguration;
			buildSettings = {
				ASSETCATALOG_COMPILER_APPICON_NAME = AppIcon;
				CODE_SIGN_STYLE = Automatic;
				INFOPLIST_FILE = PlayerSample/Info.plist;
				LD_RUNPATH_SEARCH_PATHS = (
					"$(inherited)",
					"@executable_path/Frameworks",
				);
				PRODUCT_BUNDLE_IDENTIFIER = taiyoishikawa.PlayerSample;
				PRODUCT_NAME = "$(TARGET_NAME)";
				SWIFT_VERSION = 5.0;
				TARGETED_DEVICE_FAMILY = "1,2";
			};
			name = Release;
		};
/* End XCBuildConfiguration section */

/* Begin XCConfigurationList section */
		31D92842250BA0C2005FB346 /* Build configuration list for PBXProject "PlayerSample" */ = {
			isa = XCConfigurationList;
			buildConfigurations = (
				31D92859250BA0C3005FB346 /* Debug */,
				31D9285A250BA0C3005FB346 /* Release */,
			);
			defaultConfigurationIsVisible = 0;
			defaultConfigurationName = Release;
		};
		31D9285B250BA0C3005FB346 /* Build configuration list for PBXNativeTarget "PlayerSample" */ = {
			isa = XCConfigurationList;
			buildConfigurations = (
				31D9285C250BA0C3005FB346 /* Debug */,
				31D9285D250BA0C3005FB346 /* Release */,
			);
			defaultConfigurationIsVisible = 0;
			defaultConfigurationName = Release;
		};
/* End XCConfigurationList section */
	};
	rootObject = 31D9283F250BA0C2005FB346 /* Project object */;
}
